
Microsoft Visual Studio Solution File, Format Version 12.00
# Visual Studio Version 16
VisualStudioVersion = 16.0.30011.22
MinimumVisualStudioVersion = 10.0.40219.1
Project("{2150E333-8FDC-42A3-9474-1A3956D46DE8}") = "src", "src", "{E7E83FA3-3CA3-4F19-9CE2-F596AD451A9A}"
EndProject
Project("{2150E333-8FDC-42A3-9474-1A3956D46DE8}") = "test", "test", "{C0ACCC85-077A-4650-B52B-6AD68B8903B8}"
EndProject
Project("{9A19103F-16F7-4668-BE54-9A1E7A4F7556}") = "Blueprint.Domain", "src\Blueprint.Domain\Blueprint.Domain.csproj", "{BF800832-95B0-4FD8-989E-137452163575}"
EndProject
Project("{9A19103F-16F7-4668-BE54-9A1E7A4F7556}") = "Blueprint.Infrastructure", "src\Blueprint.Infrastructure\Blueprint.Infrastructure.csproj", "{0E9B3A6D-C2FD-4B6B-9701-C2E0720BF7DB}"
EndProject
Project("{9A19103F-16F7-4668-BE54-9A1E7A4F7556}") = "Blueprint.App", "src\Blueprint.App\Blueprint.App.csproj", "{563EFA45-F0F3-428D-8EC1-67B75C7861FA}"
EndProject
Project("{9A19103F-16F7-4668-BE54-9A1E7A4F7556}") = "Blueprint.Api", "src\Blueprint.Api\Blueprint.Api.csproj", "{A033A7D3-FF60-4659-922D-DEC529E6B5DD}"
EndProject
Project("{9A19103F-16F7-4668-BE54-9A1E7A4F7556}") = "Blueprint.Api.IntegrationTests", "test\Blueprint.Api.IntegrationTests\Blueprint.Api.IntegrationTests.csproj", "{1F0A3AA8-F0D7-400E-96BC-E6D1759B0897}"
EndProject
Project("{9A19103F-16F7-4668-BE54-9A1E7A4F7556}") = "Blueprint.Domain.Tests", "test\Blueprint.Domain.Tests\Blueprint.Domain.Tests.csproj", "{5196D04F-4E79-482E-B8CE-C411CDEA4537}"
EndProject
Project("{9A19103F-16F7-4668-BE54-9A1E7A4F7556}") = "Blueprint.App.Tests", "test\Blueprint.App.Tests\Blueprint.App.Tests.csproj", "{1213C5EE-0A77-467A-A371-9E06626DCFF5}"
EndProject
Project("{9A19103F-16F7-4668-BE54-9A1E7A4F7556}") = "Blueprint.Api.Tests", "test\Blueprint.Api.Tests\Blueprint.Api.Tests.csproj", "{BBA58B26-8ADC-4E9A-B958-9D8D65DE0FE4}"
EndProject
Project("{FAE04EC0-301F-11D3-BF4B-00C04F79EFBC}") = "Blueprint.Api.Client", "src\Blueprint.Api.Client\Blueprint.Api.Client.csproj", "{F55BEF62-B83F-4E22-95E8-A66A32F84C33}"
EndProject
Global
	GlobalSection(SolutionConfigurationPlatforms) = preSolution
		Debug|Any CPU = Debug|Any CPU
		Release|Any CPU = Release|Any CPU
	EndGlobalSection
	GlobalSection(ProjectConfigurationPlatforms) = postSolution
		{BF800832-95B0-4FD8-989E-137452163575}.Debug|Any CPU.ActiveCfg = Debug|Any CPU
		{BF800832-95B0-4FD8-989E-137452163575}.Debug|Any CPU.Build.0 = Debug|Any CPU
		{BF800832-95B0-4FD8-989E-137452163575}.Release|Any CPU.ActiveCfg = Release|Any CPU
		{BF800832-95B0-4FD8-989E-137452163575}.Release|Any CPU.Build.0 = Release|Any CPU
		{0E9B3A6D-C2FD-4B6B-9701-C2E0720BF7DB}.Debug|Any CPU.ActiveCfg = Debug|Any CPU
		{0E9B3A6D-C2FD-4B6B-9701-C2E0720BF7DB}.Debug|Any CPU.Build.0 = Debug|Any CPU
		{0E9B3A6D-C2FD-4B6B-9701-C2E0720BF7DB}.Release|Any CPU.ActiveCfg = Release|Any CPU
		{0E9B3A6D-C2FD-4B6B-9701-C2E0720BF7DB}.Release|Any CPU.Build.0 = Release|Any CPU
		{563EFA45-F0F3-428D-8EC1-67B75C7861FA}.Debug|Any CPU.ActiveCfg = Debug|Any CPU
		{563EFA45-F0F3-428D-8EC1-67B75C7861FA}.Debug|Any CPU.Build.0 = Debug|Any CPU
		{563EFA45-F0F3-428D-8EC1-67B75C7861FA}.Release|Any CPU.ActiveCfg = Release|Any CPU
		{563EFA45-F0F3-428D-8EC1-67B75C7861FA}.Release|Any CPU.Build.0 = Release|Any CPU
		{A033A7D3-FF60-4659-922D-DEC529E6B5DD}.Debug|Any CPU.ActiveCfg = Debug|Any CPU
		{A033A7D3-FF60-4659-922D-DEC529E6B5DD}.Debug|Any CPU.Build.0 = Debug|Any CPU
		{A033A7D3-FF60-4659-922D-DEC529E6B5DD}.Release|Any CPU.ActiveCfg = Release|Any CPU
		{A033A7D3-FF60-4659-922D-DEC529E6B5DD}.Release|Any CPU.Build.0 = Release|Any CPU
		{1F0A3AA8-F0D7-400E-96BC-E6D1759B0897}.Debug|Any CPU.ActiveCfg = Debug|Any CPU
		{1F0A3AA8-F0D7-400E-96BC-E6D1759B0897}.Debug|Any CPU.Build.0 = Debug|Any CPU
		{1F0A3AA8-F0D7-400E-96BC-E6D1759B0897}.Release|Any CPU.ActiveCfg = Release|Any CPU
		{1F0A3AA8-F0D7-400E-96BC-E6D1759B0897}.Release|Any CPU.Build.0 = Release|Any CPU
		{5196D04F-4E79-482E-B8CE-C411CDEA4537}.Debug|Any CPU.ActiveCfg = Debug|Any CPU
		{5196D04F-4E79-482E-B8CE-C411CDEA4537}.Debug|Any CPU.Build.0 = Debug|Any CPU
		{5196D04F-4E79-482E-B8CE-C411CDEA4537}.Release|Any CPU.ActiveCfg = Release|Any CPU
		{5196D04F-4E79-482E-B8CE-C411CDEA4537}.Release|Any CPU.Build.0 = Release|Any CPU
		{1213C5EE-0A77-467A-A371-9E06626DCFF5}.Debug|Any CPU.ActiveCfg = Debug|Any CPU
		{1213C5EE-0A77-467A-A371-9E06626DCFF5}.Debug|Any CPU.Build.0 = Debug|Any CPU
		{1213C5EE-0A77-467A-A371-9E06626DCFF5}.Release|Any CPU.ActiveCfg = Release|Any CPU
		{1213C5EE-0A77-467A-A371-9E06626DCFF5}.Release|Any CPU.Build.0 = Release|Any CPU
		{BBA58B26-8ADC-4E9A-B958-9D8D65DE0FE4}.Debug|Any CPU.ActiveCfg = Debug|Any CPU
		{BBA58B26-8ADC-4E9A-B958-9D8D65DE0FE4}.Debug|Any CPU.Build.0 = Debug|Any CPU
		{BBA58B26-8ADC-4E9A-B958-9D8D65DE0FE4}.Release|Any CPU.ActiveCfg = Release|Any CPU
		{BBA58B26-8ADC-4E9A-B958-9D8D65DE0FE4}.Release|Any CPU.Build.0 = Release|Any CPU
		{F55BEF62-B83F-4E22-95E8-A66A32F84C33}.Debug|Any CPU.ActiveCfg = Debug|Any CPU
		{F55BEF62-B83F-4E22-95E8-A66A32F84C33}.Debug|Any CPU.Build.0 = Debug|Any CPU
		{F55BEF62-B83F-4E22-95E8-A66A32F84C33}.Release|Any CPU.ActiveCfg = Release|Any CPU
		{F55BEF62-B83F-4E22-95E8-A66A32F84C33}.Release|Any CPU.Build.0 = Release|Any CPU
	EndGlobalSection
	GlobalSection(SolutionProperties) = preSolution
		HideSolutionNode = FALSE
	EndGlobalSection
	GlobalSection(NestedProjects) = preSolution
		{BF800832-95B0-4FD8-989E-137452163575} = {E7E83FA3-3CA3-4F19-9CE2-F596AD451A9A}
		{0E9B3A6D-C2FD-4B6B-9701-C2E0720BF7DB} = {E7E83FA3-3CA3-4F19-9CE2-F596AD451A9A}
		{563EFA45-F0F3-428D-8EC1-67B75C7861FA} = {E7E83FA3-3CA3-4F19-9CE2-F596AD451A9A}
		{A033A7D3-FF60-4659-922D-DEC529E6B5DD} = {E7E83FA3-3CA3-4F19-9CE2-F596AD451A9A}
		{1F0A3AA8-F0D7-400E-96BC-E6D1759B0897} = {C0ACCC85-077A-4650-B52B-6AD68B8903B8}
		{5196D04F-4E79-482E-B8CE-C411CDEA4537} = {C0ACCC85-077A-4650-B52B-6AD68B8903B8}
		{1213C5EE-0A77-467A-A371-9E06626DCFF5} = {C0ACCC85-077A-4650-B52B-6AD68B8903B8}
		{BBA58B26-8ADC-4E9A-B958-9D8D65DE0FE4} = {C0ACCC85-077A-4650-B52B-6AD68B8903B8}
		{F55BEF62-B83F-4E22-95E8-A66A32F84C33} = {E7E83FA3-3CA3-4F19-9CE2-F596AD451A9A}
	EndGlobalSection
	GlobalSection(ExtensibilityGlobals) = postSolution
		SolutionGuid = {73F858ED-251D-4825-8424-0B2F7ADF6823}
	EndGlobalSection
EndGlobal
